// !$*UTF8*$!
{
	archiveVersion = 1;
	classes = {
	};
	objectVersion = 56;
	objects = {

/* Begin PBXBuildFile section */
		CA5F56082A56BDDA0066CDCA /* AppDelegate.swift in Sources */ = {isa = PBXBuildFile; fileRef = CA5F56072A56BDDA0066CDCA /* AppDelegate.swift */; };
		CA5F560A2A56BDDA0066CDCA /* SceneDelegate.swift in Sources */ = {isa = PBXBuildFile; fileRef = CA5F56092A56BDDA0066CDCA /* SceneDelegate.swift */; };
		CA5F560F2A56BDDA0066CDCA /* Main.storyboard in Resources */ = {isa = PBXBuildFile; fileRef = CA5F560D2A56BDDA0066CDCA /* Main.storyboard */; };
		CA5F56122A56BDDA0066CDCA /* zeroMemo.xcdatamodeld in Sources */ = {isa = PBXBuildFile; fileRef = CA5F56102A56BDDA0066CDCA /* zeroMemo.xcdatamodeld */; };
		CA5F56142A56BDDE0066CDCA /* Assets.xcassets in Resources */ = {isa = PBXBuildFile; fileRef = CA5F56132A56BDDE0066CDCA /* Assets.xcassets */; };
		CA5F56172A56BDDE0066CDCA /* LaunchScreen.storyboard in Resources */ = {isa = PBXBuildFile; fileRef = CA5F56152A56BDDE0066CDCA /* LaunchScreen.storyboard */; };
		CA5F56202A56D83D0066CDCA /* Model.swift in Sources */ = {isa = PBXBuildFile; fileRef = CA5F561F2A56D83D0066CDCA /* Model.swift */; };
		CA5F56222A56DA130066CDCA /* MemoListTableViewController.swift in Sources */ = {isa = PBXBuildFile; fileRef = CA5F56212A56DA130066CDCA /* MemoListTableViewController.swift */; };
		CA5F56242A56E0490066CDCA /* ComposeViewController.swift in Sources */ = {isa = PBXBuildFile; fileRef = CA5F56232A56E0490066CDCA /* ComposeViewController.swift */; };
/* End PBXBuildFile section */

/* Begin PBXFileReference section */
		CA5F56042A56BDDA0066CDCA /* zeroMemo.app */ = {isa = PBXFileReference; explicitFileType = wrapper.application; includeInIndex = 0; path = zeroMemo.app; sourceTree = BUILT_PRODUCTS_DIR; };
		CA5F56072A56BDDA0066CDCA /* AppDelegate.swift */ = {isa = PBXFileReference; lastKnownFileType = sourcecode.swift; path = AppDelegate.swift; sourceTree = "<group>"; };
		CA5F56092A56BDDA0066CDCA /* SceneDelegate.swift */ = {isa = PBXFileReference; lastKnownFileType = sourcecode.swift; path = SceneDelegate.swift; sourceTree = "<group>"; };
		CA5F560E2A56BDDA0066CDCA /* Base */ = {isa = PBXFileReference; lastKnownFileType = file.storyboard; name = Base; path = Base.lproj/Main.storyboard; sourceTree = "<group>"; };
		CA5F56112A56BDDA0066CDCA /* zeroMemo.xcdatamodel */ = {isa = PBXFileReference; lastKnownFileType = wrapper.xcdatamodel; path = zeroMemo.xcdatamodel; sourceTree = "<group>"; };
		CA5F56132A56BDDE0066CDCA /* Assets.xcassets */ = {isa = PBXFileReference; lastKnownFileType = folder.assetcatalog; path = Assets.xcassets; sourceTree = "<group>"; };
		CA5F56162A56BDDE0066CDCA /* Base */ = {isa = PBXFileReference; lastKnownFileType = file.storyboard; name = Base; path = Base.lproj/LaunchScreen.storyboard; sourceTree = "<group>"; };
		CA5F56182A56BDDE0066CDCA /* Info.plist */ = {isa = PBXFileReference; lastKnownFileType = text.plist.xml; path = Info.plist; sourceTree = "<group>"; };
		CA5F561F2A56D83D0066CDCA /* Model.swift */ = {isa = PBXFileReference; lastKnownFileType = sourcecode.swift; path = Model.swift; sourceTree = "<group>"; };
		CA5F56212A56DA130066CDCA /* MemoListTableViewController.swift */ = {isa = PBXFileReference; lastKnownFileType = sourcecode.swift; path = MemoListTableViewController.swift; sourceTree = "<group>"; };
		CA5F56232A56E0490066CDCA /* ComposeViewController.swift */ = {isa = PBXFileReference; lastKnownFileType = sourcecode.swift; path = ComposeViewController.swift; sourceTree = "<group>"; };
/* End PBXFileReference section */

/* Begin PBXFrameworksBuildPhase section */
		CA5F56012A56BDDA0066CDCA /* Frameworks */ = {
			isa = PBXFrameworksBuildPhase;
			buildActionMask = 2147483647;
			files = (
			);
			runOnlyForDeploymentPostprocessing = 0;
		};
/* End PBXFrameworksBuildPhase section */

/* Begin PBXGroup section */
		CA5F55FB2A56BDD90066CDCA = {
			isa = PBXGroup;
			children = (
				CA5F56062A56BDDA0066CDCA /* zeroMemo */,
				CA5F56052A56BDDA0066CDCA /* Products */,
			);
			sourceTree = "<group>";
		};
		CA5F56052A56BDDA0066CDCA /* Products */ = {
			isa = PBXGroup;
			children = (
				CA5F56042A56BDDA0066CDCA /* zeroMemo.app */,
			);
			name = Products;
			sourceTree = "<group>";
		};
		CA5F56062A56BDDA0066CDCA /* zeroMemo */ = {
			isa = PBXGroup;
			children = (
				CA5F561E2A56D8250066CDCA /* Model */,
				CA5F56072A56BDDA0066CDCA /* AppDelegate.swift */,
				CA5F56092A56BDDA0066CDCA /* SceneDelegate.swift */,
				CA5F560D2A56BDDA0066CDCA /* Main.storyboard */,
				CA5F56132A56BDDE0066CDCA /* Assets.xcassets */,
				CA5F56152A56BDDE0066CDCA /* LaunchScreen.storyboard */,
				CA5F56182A56BDDE0066CDCA /* Info.plist */,
				CA5F56102A56BDDA0066CDCA /* zeroMemo.xcdatamodeld */,
				CA5F56212A56DA130066CDCA /* MemoListTableViewController.swift */,
				CA5F56232A56E0490066CDCA /* ComposeViewController.swift */,
			);
			path = zeroMemo;
			sourceTree = "<group>";
		};
		CA5F561E2A56D8250066CDCA /* Model */ = {
			isa = PBXGroup;
			children = (
				CA5F561F2A56D83D0066CDCA /* Model.swift */,
			);
			path = Model;
			sourceTree = "<group>";
		};
/* End PBXGroup section */

/* Begin PBXNativeTarget section */
		CA5F56032A56BDDA0066CDCA /* zeroMemo */ = {
			isa = PBXNativeTarget;
			buildConfigurationList = CA5F561B2A56BDDE0066CDCA /* Build configuration list for PBXNativeTarget "zeroMemo" */;
			buildPhases = (
				CA5F56002A56BDDA0066CDCA /* Sources */,
				CA5F56012A56BDDA0066CDCA /* Frameworks */,
				CA5F56022A56BDDA0066CDCA /* Resources */,
			);
			buildRules = (
			);
			dependencies = (
			);
			name = zeroMemo;
			productName = zeroMemo;
			productReference = CA5F56042A56BDDA0066CDCA /* zeroMemo.app */;
			productType = "com.apple.product-type.application";
		};
/* End PBXNativeTarget section */

/* Begin PBXProject section */
		CA5F55FC2A56BDD90066CDCA /* Project object */ = {
			isa = PBXProject;
			attributes = {
				BuildIndependentTargetsInParallel = 1;
				LastSwiftUpdateCheck = 1430;
				LastUpgradeCheck = 1430;
				TargetAttributes = {
					CA5F56032A56BDDA0066CDCA = {
						CreatedOnToolsVersion = 14.3;
					};
				};
			};
			buildConfigurationList = CA5F55FF2A56BDD90066CDCA /* Build configuration list for PBXProject "zeroMemo" */;
			compatibilityVersion = "Xcode 14.0";
			developmentRegion = en;
			hasScannedForEncodings = 0;
			knownRegions = (
				en,
				Base,
			);
			mainGroup = CA5F55FB2A56BDD90066CDCA;
			productRefGroup = CA5F56052A56BDDA0066CDCA /* Products */;
			projectDirPath = "";
			projectRoot = "";
			targets = (
				CA5F56032A56BDDA0066CDCA /* zeroMemo */,
			);
		};
/* End PBXProject section */

/* Begin PBXResourcesBuildPhase section */
		CA5F56022A56BDDA0066CDCA /* Resources */ = {
			isa = PBXResourcesBuildPhase;
			buildActionMask = 2147483647;
			files = (
				CA5F56172A56BDDE0066CDCA /* LaunchScreen.storyboard in Resources */,
				CA5F56142A56BDDE0066CDCA /* Assets.xcassets in Resources */,
				CA5F560F2A56BDDA0066CDCA /* Main.storyboard in Resources */,
			);
			runOnlyForDeploymentPostprocessing = 0;
		};
/* End PBXResourcesBuildPhase section */

/* Begin PBXSourcesBuildPhase section */
		CA5F56002A56BDDA0066CDCA /* Sources */ = {
			isa = PBXSourcesBuildPhase;
			buildActionMask = 2147483647;
			files = (
				CA5F56082A56BDDA0066CDCA /* AppDelegate.swift in Sources */,
				CA5F560A2A56BDDA0066CDCA /* SceneDelegate.swift in Sources */,
				CA5F56222A56DA130066CDCA /* MemoListTableViewController.swift in Sources */,
				CA5F56242A56E0490066CDCA /* ComposeViewController.swift in Sources */,
				CA5F56122A56BDDA0066CDCA /* zeroMemo.xcdatamodeld in Sources */,
				CA5F56202A56D83D0066CDCA /* Model.swift in Sources */,
			);
			runOnlyForDeploymentPostprocessing = 0;
		};
/* End PBXSourcesBuildPhase section */

/* Begin PBXVariantGroup section */
		CA5F560D2A56BDDA0066CDCA /* Main.storyboard */ = {
			isa = PBXVariantGroup;
			children = (
				CA5F560E2A56BDDA0066CDCA /* Base */,
			);
			name = Main.storyboard;
			sourceTree = "<group>";
		};
		CA5F56152A56BDDE0066CDCA /* LaunchScreen.storyboard */ = {
			isa = PBXVariantGroup;
			children = (
				CA5F56162A56BDDE0066CDCA /* Base */,
			);
			name = LaunchScreen.storyboard;
			sourceTree = "<group>";
		};
/* End PBXVariantGroup section */

/* Begin XCBuildConfiguration section */
		CA5F56192A56BDDE0066CDCA /* Debug */ = {
			isa = XCBuildConfiguration;
			buildSettings = {
				ALWAYS_SEARCH_USER_PATHS = NO;
				CLANG_ANALYZER_NONNULL = YES;
				CLANG_ANALYZER_NUMBER_OBJECT_CONVERSION = YES_AGGRESSIVE;
				CLANG_CXX_LANGUAGE_STANDARD = "gnu++20";
				CLANG_ENABLE_MODULES = YES;
				CLANG_ENABLE_OBJC_ARC = YES;
				CLANG_ENABLE_OBJC_WEAK = YES;
				CLANG_WARN_BLOCK_CAPTURE_AUTORELEASING = YES;
				CLANG_WARN_BOOL_CONVERSION = YES;
				CLANG_WARN_COMMA = YES;
				CLANG_WARN_CONSTANT_CONVERSION = YES;
				CLANG_WARN_DEPRECATED_OBJC_IMPLEMENTATIONS = YES;
				CLANG_WARN_DIRECT_OBJC_ISA_USAGE = YES_ERROR;
				CLANG_WARN_DOCUMENTATION_COMMENTS = YES;
				CLANG_WARN_EMPTY_BODY = YES;
				CLANG_WARN_ENUM_CONVERSION = YES;
				CLANG_WARN_INFINITE_RECURSION = YES;
				CLANG_WARN_INT_CONVERSION = YES;
				CLANG_WARN_NON_LITERAL_NULL_CONVERSION = YES;
				CLANG_WARN_OBJC_IMPLICIT_RETAIN_SELF = YES;
				CLANG_WARN_OBJC_LITERAL_CONVERSION = YES;
				CLANG_WARN_OBJC_ROOT_CLASS = YES_ERROR;
				CLANG_WARN_QUOTED_INCLUDE_IN_FRAMEWORK_HEADER = YES;
				CLANG_WARN_RANGE_LOOP_ANALYSIS = YES;
				CLANG_WARN_STRICT_PROTOTYPES = YES;
				CLANG_WARN_SUSPICIOUS_MOVE = YES;
				CLANG_WARN_UNGUARDED_AVAILABILITY = YES_AGGRESSIVE;
				CLANG_WARN_UNREACHABLE_CODE = YES;
				CLANG_WARN__DUPLICATE_METHOD_MATCH = YES;
				COPY_PHASE_STRIP = NO;
				DEBUG_INFORMATION_FORMAT = dwarf;
				ENABLE_STRICT_OBJC_MSGSEND = YES;
				ENABLE_TESTABILITY = YES;
				GCC_C_LANGUAGE_STANDARD = gnu11;
				GCC_DYNAMIC_NO_PIC = NO;
				GCC_NO_COMMON_BLOCKS = YES;
				GCC_OPTIMIZATION_LEVEL = 0;
				GCC_PREPROCESSOR_DEFINITIONS = (
					"DEBUG=1",
					"$(inherited)",
				);
				GCC_WARN_64_TO_32_BIT_CONVERSION = YES;
				GCC_WARN_ABOUT_RETURN_TYPE = YES_ERROR;
				GCC_WARN_UNDECLARED_SELECTOR = YES;
				GCC_WARN_UNINITIALIZED_AUTOS = YES_AGGRESSIVE;
				GCC_WARN_UNUSED_FUNCTION = YES;
				GCC_WARN_UNUSED_VARIABLE = YES;
				IPHONEOS_DEPLOYMENT_TARGET = 16.4;
				MTL_ENABLE_DEBUG_INFO = INCLUDE_SOURCE;
				MTL_FAST_MATH = YES;
				ONLY_ACTIVE_ARCH = YES;
				SDKROOT = iphoneos;
				SWIFT_ACTIVE_COMPILATION_CONDITIONS = DEBUG;
				SWIFT_OPTIMIZATION_LEVEL = "-Onone";
			};
			name = Debug;
		};
		CA5F561A2A56BDDE0066CDCA /* Release */ = {
			isa = XCBuildConfiguration;
			buildSettings = {
				ALWAYS_SEARCH_USER_PATHS = NO;
				CLANG_ANALYZER_NONNULL = YES;
				CLANG_ANALYZER_NUMBER_OBJECT_CONVERSION = YES_AGGRESSIVE;
				CLANG_CXX_LANGUAGE_STANDARD = "gnu++20";
				CLANG_ENABLE_MODULES = YES;
				CLANG_ENABLE_OBJC_ARC = YES;
				CLANG_ENABLE_OBJC_WEAK = YES;
				CLANG_WARN_BLOCK_CAPTURE_AUTORELEASING = YES;
				CLANG_WARN_BOOL_CONVERSION = YES;
				CLANG_WARN_COMMA = YES;
				CLANG_WARN_CONSTANT_CONVERSION = YES;
				CLANG_WARN_DEPRECATED_OBJC_IMPLEMENTATIONS = YES;
				CLANG_WARN_DIRECT_OBJC_ISA_USAGE = YES_ERROR;
				CLANG_WARN_DOCUMENTATION_COMMENTS = YES;
				CLANG_WARN_EMPTY_BODY = YES;
				CLANG_WARN_ENUM_CONVERSION = YES;
				CLANG_WARN_INFINITE_RECURSION = YES;
				CLANG_WARN_INT_CONVERSION = YES;
				CLANG_WARN_NON_LITERAL_NULL_CONVERSION = YES;
				CLANG_WARN_OBJC_IMPLICIT_RETAIN_SELF = YES;
				CLANG_WARN_OBJC_LITERAL_CONVERSION = YES;
				CLANG_WARN_OBJC_ROOT_CLASS = YES_ERROR;
				CLANG_WARN_QUOTED_INCLUDE_IN_FRAMEWORK_HEADER = YES;
				CLANG_WARN_RANGE_LOOP_ANALYSIS = YES;
				CLANG_WARN_STRICT_PROTOTYPES = YES;
				CLANG_WARN_SUSPICIOUS_MOVE = YES;
				CLANG_WARN_UNGUARDED_AVAILABILITY = YES_AGGRESSIVE;
				CLANG_WARN_UNREACHABLE_CODE = YES;
				CLANG_WARN__DUPLICATE_METHOD_MATCH = YES;
				COPY_PHASE_STRIP = NO;
				DEBUG_INFORMATION_FORMAT = "dwarf-with-dsym";
				ENABLE_NS_ASSERTIONS = NO;
				ENABLE_STRICT_OBJC_MSGSEND = YES;
				GCC_C_LANGUAGE_STANDARD = gnu11;
				GCC_NO_COMMON_BLOCKS = YES;
				GCC_WARN_64_TO_32_BIT_CONVERSION = YES;
				GCC_WARN_ABOUT_RETURN_TYPE = YES_ERROR;
				GCC_WARN_UNDECLARED_SELECTOR = YES;
				GCC_WARN_UNINITIALIZED_AUTOS = YES_AGGRESSIVE;
				GCC_WARN_UNUSED_FUNCTION = YES;
				GCC_WARN_UNUSED_VARIABLE = YES;
				IPHONEOS_DEPLOYMENT_TARGET = 16.4;
				MTL_ENABLE_DEBUG_INFO = NO;
				MTL_FAST_MATH = YES;
				SDKROOT = iphoneos;
				SWIFT_COMPILATION_MODE = wholemodule;
				SWIFT_OPTIMIZATION_LEVEL = "-O";
				VALIDATE_PRODUCT = YES;
			};
			name = Release;
		};
		CA5F561C2A56BDDE0066CDCA /* Debug */ = {
			isa = XCBuildConfiguration;
			buildSettings = {
				ASSETCATALOG_COMPILER_APPICON_NAME = AppIcon;
				ASSETCATALOG_COMPILER_GLOBAL_ACCENT_COLOR_NAME = AccentColor;
				CODE_SIGN_STYLE = Automatic;
				CURRENT_PROJECT_VERSION = 1;
				GENERATE_INFOPLIST_FILE = YES;
				INFOPLIST_FILE = zeroMemo/Info.plist;
				INFOPLIST_KEY_CFBundleDisplayName = zeroMemo;
				INFOPLIST_KEY_UIApplicationSupportsIndirectInputEvents = YES;
				INFOPLIST_KEY_UILaunchStoryboardName = LaunchScreen;
				INFOPLIST_KEY_UIMainStoryboardFile = Main;
				INFOPLIST_KEY_UISupportedInterfaceOrientations_iPad = "UIInterfaceOrientationPortrait UIInterfaceOrientationPortraitUpsideDown UIInterfaceOrientationLandscapeLeft UIInterfaceOrientationLandscapeRight";
				INFOPLIST_KEY_UISupportedInterfaceOrientations_iPhone = "UIInterfaceOrientationPortrait UIInterfaceOrientationLandscapeLeft UIInterfaceOrientationLandscapeRight";
				IPHONEOS_DEPLOYMENT_TARGET = 13.0;
				LD_RUNPATH_SEARCH_PATHS = (
					"$(inherited)",
					"@executable_path/Frameworks",
				);
				MARKETING_VERSION = 1.0;
				PRODUCT_BUNDLE_IDENTIFIER = zero.zeroMemo;
				PRODUCT_NAME = "$(TARGET_NAME)";
				SUPPORTED_PLATFORMS = "iphoneos iphonesimulator";
				SUPPORTS_MACCATALYST = NO;
				SUPPORTS_MAC_DESIGNED_FOR_IPHONE_IPAD = NO;
				SWIFT_EMIT_LOC_STRINGS = YES;
				SWIFT_VERSION = 5.0;
				TARGETED_DEVICE_FAMILY = 1;
			};
			name = Debug;
		};
		CA5F561D2A56BDDE0066CDCA /* Release */ = {
			isa = XCBuildConfiguration;
			buildSettings = {
				ASSETCATALOG_COMPILER_APPICON_NAME = AppIcon;
				ASSETCATALOG_COMPILER_GLOBAL_ACCENT_COLOR_NAME = AccentColor;
				CODE_SIGN_STYLE = Automatic;
				CURRENT_PROJECT_VERSION = 1;
				GENERATE_INFOPLIST_FILE = YES;
				INFOPLIST_FILE = zeroMemo/Info.plist;
				INFOPLIST_KEY_CFBundleDisplayName = zeroMemo;
				INFOPLIST_KEY_UIApplicationSupportsIndirectInputEvents = YES;
				INFOPLIST_KEY_UILaunchStoryboardName = LaunchScreen;
				INFOPLIST_KEY_UIMainStoryboardFile = Main;
				INFOPLIST_KEY_UISupportedInterfaceOrientations_iPad = "UIInterfaceOrientationPortrait UIInterfaceOrientationPortraitUpsideDown UIInterfaceOrientationLandscapeLeft UIInterfaceOrientationLandscapeRight";
				INFOPLIST_KEY_UISupportedInterfaceOrientations_iPhone = "UIInterfaceOrientationPortrait UIInterfaceOrientationLandscapeLeft UIInterfaceOrientationLandscapeRight";
				IPHONEOS_DEPLOYMENT_TARGET = 13.0;
				LD_RUNPATH_SEARCH_PATHS = (
					"$(inherited)",
					"@executable_path/Frameworks",
				);
				MARKETING_VERSION = 1.0;
				PRODUCT_BUNDLE_IDENTIFIER = zero.zeroMemo;
				PRODUCT_NAME = "$(TARGET_NAME)";
				SUPPORTED_PLATFORMS = "iphoneos iphonesimulator";
				SUPPORTS_MACCATALYST = NO;
				SUPPORTS_MAC_DESIGNED_FOR_IPHONE_IPAD = NO;
				SWIFT_EMIT_LOC_STRINGS = YES;
				SWIFT_VERSION = 5.0;
				TARGETED_DEVICE_FAMILY = 1;
			};
			name = Release;
		};
/* End XCBuildConfiguration section */

/* Begin XCConfigurationList section */
		CA5F55FF2A56BDD90066CDCA /* Build configuration list for PBXProject "zeroMemo" */ = {
			isa = XCConfigurationList;
			buildConfigurations = (
				CA5F56192A56BDDE0066CDCA /* Debug */,
				CA5F561A2A56BDDE0066CDCA /* Release */,
			);
			defaultConfigurationIsVisible = 0;
			defaultConfigurationName = Release;
		};
		CA5F561B2A56BDDE0066CDCA /* Build configuration list for PBXNativeTarget "zeroMemo" */ = {
			isa = XCConfigurationList;
			buildConfigurations = (
				CA5F561C2A56BDDE0066CDCA /* Debug */,
				CA5F561D2A56BDDE0066CDCA /* Release */,
			);
			defaultConfigurationIsVisible = 0;
			defaultConfigurationName = Release;
		};
/* End XCConfigurationList section */

/* Begin XCVersionGroup section */
		CA5F56102A56BDDA0066CDCA /* zeroMemo.xcdatamodeld */ = {
			isa = XCVersionGroup;
			children = (
				CA5F56112A56BDDA0066CDCA /* zeroMemo.xcdatamodel */,
			);
			currentVersion = CA5F56112A56BDDA0066CDCA /* zeroMemo.xcdatamodel */;
			path = zeroMemo.xcdatamodeld;
			sourceTree = "<group>";
			versionGroupType = wrapper.xcdatamodel;
		};
/* End XCVersionGroup section */
	};
	rootObject = CA5F55FC2A56BDD90066CDCA /* Project object */;
}
